// !$*UTF8*$!
{
	archiveVersion = 1;
	classes = {
	};
	objectVersion = 55;
	objects = {

/* Begin PBXBuildFile section */
		6C01B8ACA5D8F61AEBBC3404 /* Pods_PodMe.framework in Frameworks */ = {isa = PBXBuildFile; fileRef = 59D75AC593EA36A55E8586ED /* Pods_PodMe.framework */; };
		A4720FB6273C715100BC91A8 /* Pod.swift in Sources */ = {isa = PBXBuildFile; fileRef = A4720FB5273C715100BC91A8 /* Pod.swift */; };
		A4720FB8273C7CC900BC91A8 /* UIViewController+alert.swift in Sources */ = {isa = PBXBuildFile; fileRef = A4720FB7273C7CC900BC91A8 /* UIViewController+alert.swift */; };
		A4BF75D5273450EA002AEF03 /* PodListViewController.swift in Sources */ = {isa = PBXBuildFile; fileRef = A4BF75D4273450EA002AEF03 /* PodListViewController.swift */; };
		A4BF75D72734545B002AEF03 /* PodTableViewCell.swift in Sources */ = {isa = PBXBuildFile; fileRef = A4BF75D62734545B002AEF03 /* PodTableViewCell.swift */; };
		A4BF75D927349F38002AEF03 /* PodDetailViewController.swift in Sources */ = {isa = PBXBuildFile; fileRef = A4BF75D827349F38002AEF03 /* PodDetailViewController.swift */; };
		A4DC1880272F6DDF0086DACB /* AppDelegate.swift in Sources */ = {isa = PBXBuildFile; fileRef = A4DC187F272F6DDF0086DACB /* AppDelegate.swift */; };
		A4DC1882272F6DDF0086DACB /* SceneDelegate.swift in Sources */ = {isa = PBXBuildFile; fileRef = A4DC1881272F6DDF0086DACB /* SceneDelegate.swift */; };
		A4DC1884272F6DDF0086DACB /* LoginViewController.swift in Sources */ = {isa = PBXBuildFile; fileRef = A4DC1883272F6DDF0086DACB /* LoginViewController.swift */; };
		A4DC1887272F6DDF0086DACB /* Main.storyboard in Resources */ = {isa = PBXBuildFile; fileRef = A4DC1885272F6DDF0086DACB /* Main.storyboard */; };
		A4DC1889272F6DE00086DACB /* Assets.xcassets in Resources */ = {isa = PBXBuildFile; fileRef = A4DC1888272F6DE00086DACB /* Assets.xcassets */; };
		A4DC188C272F6DE00086DACB /* LaunchScreen.storyboard in Resources */ = {isa = PBXBuildFile; fileRef = A4DC188A272F6DE00086DACB /* LaunchScreen.storyboard */; };
		A4DC1894272F76800086DACB /* GoogleService-Info.plist in Resources */ = {isa = PBXBuildFile; fileRef = A4DC1893272F76800086DACB /* GoogleService-Info.plist */; };
/* End PBXBuildFile section */

/* Begin PBXFileReference section */
		04EAFF926C0128D187C2B021 /* Pods-PodMe.release.xcconfig */ = {isa = PBXFileReference; includeInIndex = 1; lastKnownFileType = text.xcconfig; name = "Pods-PodMe.release.xcconfig"; path = "Target Support Files/Pods-PodMe/Pods-PodMe.release.xcconfig"; sourceTree = "<group>"; };
		59D75AC593EA36A55E8586ED /* Pods_PodMe.framework */ = {isa = PBXFileReference; explicitFileType = wrapper.framework; includeInIndex = 0; path = Pods_PodMe.framework; sourceTree = BUILT_PRODUCTS_DIR; };
		8F9CF5C706F62F80884F232C /* Pods-PodMe.debug.xcconfig */ = {isa = PBXFileReference; includeInIndex = 1; lastKnownFileType = text.xcconfig; name = "Pods-PodMe.debug.xcconfig"; path = "Target Support Files/Pods-PodMe/Pods-PodMe.debug.xcconfig"; sourceTree = "<group>"; };
		A4720FB5273C715100BC91A8 /* Pod.swift */ = {isa = PBXFileReference; lastKnownFileType = sourcecode.swift; path = Pod.swift; sourceTree = "<group>"; };
		A4720FB7273C7CC900BC91A8 /* UIViewController+alert.swift */ = {isa = PBXFileReference; fileEncoding = 4; lastKnownFileType = sourcecode.swift; path = "UIViewController+alert.swift"; sourceTree = "<group>"; };
		A4BF75D4273450EA002AEF03 /* PodListViewController.swift */ = {isa = PBXFileReference; lastKnownFileType = sourcecode.swift; path = PodListViewController.swift; sourceTree = "<group>"; };
		A4BF75D62734545B002AEF03 /* PodTableViewCell.swift */ = {isa = PBXFileReference; lastKnownFileType = sourcecode.swift; path = PodTableViewCell.swift; sourceTree = "<group>"; };
		A4BF75D827349F38002AEF03 /* PodDetailViewController.swift */ = {isa = PBXFileReference; lastKnownFileType = sourcecode.swift; path = PodDetailViewController.swift; sourceTree = "<group>"; };
		A4DC187C272F6DDF0086DACB /* PodMe.app */ = {isa = PBXFileReference; explicitFileType = wrapper.application; includeInIndex = 0; path = PodMe.app; sourceTree = BUILT_PRODUCTS_DIR; };
		A4DC187F272F6DDF0086DACB /* AppDelegate.swift */ = {isa = PBXFileReference; lastKnownFileType = sourcecode.swift; path = AppDelegate.swift; sourceTree = "<group>"; };
		A4DC1881272F6DDF0086DACB /* SceneDelegate.swift */ = {isa = PBXFileReference; lastKnownFileType = sourcecode.swift; path = SceneDelegate.swift; sourceTree = "<group>"; };
		A4DC1883272F6DDF0086DACB /* LoginViewController.swift */ = {isa = PBXFileReference; lastKnownFileType = sourcecode.swift; path = LoginViewController.swift; sourceTree = "<group>"; };
		A4DC1886272F6DDF0086DACB /* Base */ = {isa = PBXFileReference; lastKnownFileType = file.storyboard; name = Base; path = Base.lproj/Main.storyboard; sourceTree = "<group>"; };
		A4DC1888272F6DE00086DACB /* Assets.xcassets */ = {isa = PBXFileReference; lastKnownFileType = folder.assetcatalog; path = Assets.xcassets; sourceTree = "<group>"; };
		A4DC188B272F6DE00086DACB /* Base */ = {isa = PBXFileReference; lastKnownFileType = file.storyboard; name = Base; path = Base.lproj/LaunchScreen.storyboard; sourceTree = "<group>"; };
		A4DC188D272F6DE00086DACB /* Info.plist */ = {isa = PBXFileReference; lastKnownFileType = text.plist.xml; path = Info.plist; sourceTree = "<group>"; };
		A4DC1893272F76800086DACB /* GoogleService-Info.plist */ = {isa = PBXFileReference; lastKnownFileType = text.plist; path = "GoogleService-Info.plist"; sourceTree = SOURCE_ROOT; };
/* End PBXFileReference section */

/* Begin PBXFrameworksBuildPhase section */
		A4DC1879272F6DDE0086DACB /* Frameworks */ = {
			isa = PBXFrameworksBuildPhase;
			buildActionMask = 2147483647;
			files = (
				6C01B8ACA5D8F61AEBBC3404 /* Pods_PodMe.framework in Frameworks */,
			);
			runOnlyForDeploymentPostprocessing = 0;
		};
/* End PBXFrameworksBuildPhase section */

/* Begin PBXGroup section */
		A4DC1873272F6DDE0086DACB = {
			isa = PBXGroup;
			children = (
				A4DC187E272F6DDF0086DACB /* PodMe */,
				A4DC187D272F6DDF0086DACB /* Products */,
				A9116693F4A30BB1AD7441B8 /* Pods */,
				F4A7CB5D8D7505A12E7A6307 /* Frameworks */,
			);
			sourceTree = "<group>";
		};
		A4DC187D272F6DDF0086DACB /* Products */ = {
			isa = PBXGroup;
			children = (
				A4DC187C272F6DDF0086DACB /* PodMe.app */,
			);
			name = Products;
			sourceTree = "<group>";
		};
		A4DC187E272F6DDF0086DACB /* PodMe */ = {
			isa = PBXGroup;
			children = (
				A4DC187F272F6DDF0086DACB /* AppDelegate.swift */,
				A4DC1881272F6DDF0086DACB /* SceneDelegate.swift */,
				A4720FB5273C715100BC91A8 /* Pod.swift */,
				A4DC1883272F6DDF0086DACB /* LoginViewController.swift */,
				A4BF75D4273450EA002AEF03 /* PodListViewController.swift */,
				A4BF75D62734545B002AEF03 /* PodTableViewCell.swift */,
				A4BF75D827349F38002AEF03 /* PodDetailViewController.swift */,
				A4720FB7273C7CC900BC91A8 /* UIViewController+alert.swift */,
				A4DC1885272F6DDF0086DACB /* Main.storyboard */,
				A4DC1888272F6DE00086DACB /* Assets.xcassets */,
				A4DC188A272F6DE00086DACB /* LaunchScreen.storyboard */,
				A4DC188D272F6DE00086DACB /* Info.plist */,
				A4DC1893272F76800086DACB /* GoogleService-Info.plist */,
			);
			path = PodMe;
			sourceTree = "<group>";
		};
		A9116693F4A30BB1AD7441B8 /* Pods */ = {
			isa = PBXGroup;
			children = (
				8F9CF5C706F62F80884F232C /* Pods-PodMe.debug.xcconfig */,
				04EAFF926C0128D187C2B021 /* Pods-PodMe.release.xcconfig */,
			);
			path = Pods;
			sourceTree = "<group>";
		};
		F4A7CB5D8D7505A12E7A6307 /* Frameworks */ = {
			isa = PBXGroup;
			children = (
				59D75AC593EA36A55E8586ED /* Pods_PodMe.framework */,
			);
			name = Frameworks;
			sourceTree = "<group>";
		};
/* End PBXGroup section */

/* Begin PBXNativeTarget section */
		A4DC187B272F6DDE0086DACB /* PodMe */ = {
			isa = PBXNativeTarget;
			buildConfigurationList = A4DC1890272F6DE00086DACB /* Build configuration list for PBXNativeTarget "PodMe" */;
			buildPhases = (
				733B053837E243B924E81C94 /* [CP] Check Pods Manifest.lock */,
				A4DC1878272F6DDE0086DACB /* Sources */,
				A4DC1879272F6DDE0086DACB /* Frameworks */,
				A4DC187A272F6DDE0086DACB /* Resources */,
				382634346B24CB75AEF92C43 /* [CP] Embed Pods Frameworks */,
				CE55CA18BDDC47390765B581 /* [CP] Copy Pods Resources */,
			);
			buildRules = (
			);
			dependencies = (
			);
			name = PodMe;
			productName = PodMe;
			productReference = A4DC187C272F6DDF0086DACB /* PodMe.app */;
			productType = "com.apple.product-type.application";
		};
/* End PBXNativeTarget section */

/* Begin PBXProject section */
		A4DC1874272F6DDE0086DACB /* Project object */ = {
			isa = PBXProject;
			attributes = {
				BuildIndependentTargetsInParallel = 1;
				LastSwiftUpdateCheck = 1310;
				LastUpgradeCheck = 1310;
				TargetAttributes = {
					A4DC187B272F6DDE0086DACB = {
						CreatedOnToolsVersion = 13.1;
					};
				};
			};
			buildConfigurationList = A4DC1877272F6DDE0086DACB /* Build configuration list for PBXProject "PodMe" */;
			compatibilityVersion = "Xcode 13.0";
			developmentRegion = en;
			hasScannedForEncodings = 0;
			knownRegions = (
				en,
				Base,
			);
			mainGroup = A4DC1873272F6DDE0086DACB;
			productRefGroup = A4DC187D272F6DDF0086DACB /* Products */;
			projectDirPath = "";
			projectRoot = "";
			targets = (
				A4DC187B272F6DDE0086DACB /* PodMe */,
			);
		};
/* End PBXProject section */

/* Begin PBXResourcesBuildPhase section */
		A4DC187A272F6DDE0086DACB /* Resources */ = {
			isa = PBXResourcesBuildPhase;
			buildActionMask = 2147483647;
			files = (
				A4DC188C272F6DE00086DACB /* LaunchScreen.storyboard in Resources */,
				A4DC1894272F76800086DACB /* GoogleService-Info.plist in Resources */,
				A4DC1889272F6DE00086DACB /* Assets.xcassets in Resources */,
				A4DC1887272F6DDF0086DACB /* Main.storyboard in Resources */,
			);
			runOnlyForDeploymentPostprocessing = 0;
		};
/* End PBXResourcesBuildPhase section */

/* Begin PBXShellScriptBuildPhase section */
		382634346B24CB75AEF92C43 /* [CP] Embed Pods Frameworks */ = {
			isa = PBXShellScriptBuildPhase;
			buildActionMask = 2147483647;
			files = (
			);
			inputFileListPaths = (
				"${PODS_ROOT}/Target Support Files/Pods-PodMe/Pods-PodMe-frameworks-${CONFIGURATION}-input-files.xcfilelist",
			);
			name = "[CP] Embed Pods Frameworks";
			outputFileListPaths = (
				"${PODS_ROOT}/Target Support Files/Pods-PodMe/Pods-PodMe-frameworks-${CONFIGURATION}-output-files.xcfilelist",
			);
			runOnlyForDeploymentPostprocessing = 0;
			shellPath = /bin/sh;
			shellScript = "\"${PODS_ROOT}/Target Support Files/Pods-PodMe/Pods-PodMe-frameworks.sh\"\n";
			showEnvVarsInLog = 0;
		};
		733B053837E243B924E81C94 /* [CP] Check Pods Manifest.lock */ = {
			isa = PBXShellScriptBuildPhase;
			buildActionMask = 2147483647;
			files = (
			);
			inputFileListPaths = (
			);
			inputPaths = (
				"${PODS_PODFILE_DIR_PATH}/Podfile.lock",
				"${PODS_ROOT}/Manifest.lock",
			);
			name = "[CP] Check Pods Manifest.lock";
			outputFileListPaths = (
			);
			outputPaths = (
				"$(DERIVED_FILE_DIR)/Pods-PodMe-checkManifestLockResult.txt",
			);
			runOnlyForDeploymentPostprocessing = 0;
			shellPath = /bin/sh;
			shellScript = "diff \"${PODS_PODFILE_DIR_PATH}/Podfile.lock\" \"${PODS_ROOT}/Manifest.lock\" > /dev/null\nif [ $? != 0 ] ; then\n    # print error to STDERR\n    echo \"error: The sandbox is not in sync with the Podfile.lock. Run 'pod install' or update your CocoaPods installation.\" >&2\n    exit 1\nfi\n# This output is used by Xcode 'outputs' to avoid re-running this script phase.\necho \"SUCCESS\" > \"${SCRIPT_OUTPUT_FILE_0}\"\n";
			showEnvVarsInLog = 0;
		};
		CE55CA18BDDC47390765B581 /* [CP] Copy Pods Resources */ = {
			isa = PBXShellScriptBuildPhase;
			buildActionMask = 2147483647;
			files = (
			);
			inputFileListPaths = (
				"${PODS_ROOT}/Target Support Files/Pods-PodMe/Pods-PodMe-resources-${CONFIGURATION}-input-files.xcfilelist",
			);
			name = "[CP] Copy Pods Resources";
			outputFileListPaths = (
				"${PODS_ROOT}/Target Support Files/Pods-PodMe/Pods-PodMe-resources-${CONFIGURATION}-output-files.xcfilelist",
			);
			runOnlyForDeploymentPostprocessing = 0;
			shellPath = /bin/sh;
			shellScript = "\"${PODS_ROOT}/Target Support Files/Pods-PodMe/Pods-PodMe-resources.sh\"\n";
			showEnvVarsInLog = 0;
		};
/* End PBXShellScriptBuildPhase section */

/* Begin PBXSourcesBuildPhase section */
		A4DC1878272F6DDE0086DACB /* Sources */ = {
			isa = PBXSourcesBuildPhase;
			buildActionMask = 2147483647;
			files = (
				A4BF75D5273450EA002AEF03 /* PodListViewController.swift in Sources */,
				A4DC1884272F6DDF0086DACB /* LoginViewController.swift in Sources */,
				A4720FB6273C715100BC91A8 /* Pod.swift in Sources */,
				A4DC1880272F6DDF0086DACB /* AppDelegate.swift in Sources */,
				A4DC1882272F6DDF0086DACB /* SceneDelegate.swift in Sources */,
				A4BF75D72734545B002AEF03 /* PodTableViewCell.swift in Sources */,
				A4BF75D927349F38002AEF03 /* PodDetailViewController.swift in Sources */,
				A4720FB8273C7CC900BC91A8 /* UIViewController+alert.swift in Sources */,
			);
			runOnlyForDeploymentPostprocessing = 0;
		};
/* End PBXSourcesBuildPhase section */

/* Begin PBXVariantGroup section */
		A4DC1885272F6DDF0086DACB /* Main.storyboard */ = {
			isa = PBXVariantGroup;
			children = (
				A4DC1886272F6DDF0086DACB /* Base */,
			);
			name = Main.storyboard;
			sourceTree = "<group>";
		};
		A4DC188A272F6DE00086DACB /* LaunchScreen.storyboard */ = {
			isa = PBXVariantGroup;
			children = (
				A4DC188B272F6DE00086DACB /* Base */,
			);
			name = LaunchScreen.storyboard;
			sourceTree = "<group>";
		};
/* End PBXVariantGroup section */

/* Begin XCBuildConfiguration section */
		A4DC188E272F6DE00086DACB /* Debug */ = {
			isa = XCBuildConfiguration;
			buildSettings = {
				ALWAYS_SEARCH_USER_PATHS = NO;
				CLANG_ANALYZER_NONNULL = YES;
				CLANG_ANALYZER_NUMBER_OBJECT_CONVERSION = YES_AGGRESSIVE;
				CLANG_CXX_LANGUAGE_STANDARD = "gnu++17";
				CLANG_CXX_LIBRARY = "libc++";
				CLANG_ENABLE_MODULES = YES;
				CLANG_ENABLE_OBJC_ARC = YES;
				CLANG_ENABLE_OBJC_WEAK = YES;
				CLANG_WARN_BLOCK_CAPTURE_AUTORELEASING = YES;
				CLANG_WARN_BOOL_CONVERSION = YES;
				CLANG_WARN_COMMA = YES;
				CLANG_WARN_CONSTANT_CONVERSION = YES;
				CLANG_WARN_DEPRECATED_OBJC_IMPLEMENTATIONS = YES;
				CLANG_WARN_DIRECT_OBJC_ISA_USAGE = YES_ERROR;
				CLANG_WARN_DOCUMENTATION_COMMENTS = YES;
				CLANG_WARN_EMPTY_BODY = YES;
				CLANG_WARN_ENUM_CONVERSION = YES;
				CLANG_WARN_INFINITE_RECURSION = YES;
				CLANG_WARN_INT_CONVERSION = YES;
				CLANG_WARN_NON_LITERAL_NULL_CONVERSION = YES;
				CLANG_WARN_OBJC_IMPLICIT_RETAIN_SELF = YES;
				CLANG_WARN_OBJC_LITERAL_CONVERSION = YES;
				CLANG_WARN_OBJC_ROOT_CLASS = YES_ERROR;
				CLANG_WARN_QUOTED_INCLUDE_IN_FRAMEWORK_HEADER = YES;
				CLANG_WARN_RANGE_LOOP_ANALYSIS = YES;
				CLANG_WARN_STRICT_PROTOTYPES = YES;
				CLANG_WARN_SUSPICIOUS_MOVE = YES;
				CLANG_WARN_UNGUARDED_AVAILABILITY = YES_AGGRESSIVE;
				CLANG_WARN_UNREACHABLE_CODE = YES;
				CLANG_WARN__DUPLICATE_METHOD_MATCH = YES;
				COPY_PHASE_STRIP = NO;
				DEBUG_INFORMATION_FORMAT = dwarf;
				ENABLE_STRICT_OBJC_MSGSEND = YES;
				ENABLE_TESTABILITY = YES;
				GCC_C_LANGUAGE_STANDARD = gnu11;
				GCC_DYNAMIC_NO_PIC = NO;
				GCC_NO_COMMON_BLOCKS = YES;
				GCC_OPTIMIZATION_LEVEL = 0;
				GCC_PREPROCESSOR_DEFINITIONS = (
					"DEBUG=1",
					"$(inherited)",
				);
				GCC_WARN_64_TO_32_BIT_CONVERSION = YES;
				GCC_WARN_ABOUT_RETURN_TYPE = YES_ERROR;
				GCC_WARN_UNDECLARED_SELECTOR = YES;
				GCC_WARN_UNINITIALIZED_AUTOS = YES_AGGRESSIVE;
				GCC_WARN_UNUSED_FUNCTION = YES;
				GCC_WARN_UNUSED_VARIABLE = YES;
				IPHONEOS_DEPLOYMENT_TARGET = 15.0;
				MTL_ENABLE_DEBUG_INFO = INCLUDE_SOURCE;
				MTL_FAST_MATH = YES;
				ONLY_ACTIVE_ARCH = YES;
				SDKROOT = iphoneos;
				SWIFT_ACTIVE_COMPILATION_CONDITIONS = DEBUG;
				SWIFT_OPTIMIZATION_LEVEL = "-Onone";
			};
			name = Debug;
		};
		A4DC188F272F6DE00086DACB /* Release */ = {
			isa = XCBuildConfiguration;
			buildSettings = {
				ALWAYS_SEARCH_USER_PATHS = NO;
				CLANG_ANALYZER_NONNULL = YES;
				CLANG_ANALYZER_NUMBER_OBJECT_CONVERSION = YES_AGGRESSIVE;
				CLANG_CXX_LANGUAGE_STANDARD = "gnu++17";
				CLANG_CXX_LIBRARY = "libc++";
				CLANG_ENABLE_MODULES = YES;
				CLANG_ENABLE_OBJC_ARC = YES;
				CLANG_ENABLE_OBJC_WEAK = YES;
				CLANG_WARN_BLOCK_CAPTURE_AUTORELEASING = YES;
				CLANG_WARN_BOOL_CONVERSION = YES;
				CLANG_WARN_COMMA = YES;
				CLANG_WARN_CONSTANT_CONVERSION = YES;
				CLANG_WARN_DEPRECATED_OBJC_IMPLEMENTATIONS = YES;
				CLANG_WARN_DIRECT_OBJC_ISA_USAGE = YES_ERROR;
				CLANG_WARN_DOCUMENTATION_COMMENTS = YES;
				CLANG_WARN_EMPTY_BODY = YES;
				CLANG_WARN_ENUM_CONVERSION = YES;
				CLANG_WARN_INFINITE_RECURSION = YES;
				CLANG_WARN_INT_CONVERSION = YES;
				CLANG_WARN_NON_LITERAL_NULL_CONVERSION = YES;
				CLANG_WARN_OBJC_IMPLICIT_RETAIN_SELF = YES;
				CLANG_WARN_OBJC_LITERAL_CONVERSION = YES;
				CLANG_WARN_OBJC_ROOT_CLASS = YES_ERROR;
				CLANG_WARN_QUOTED_INCLUDE_IN_FRAMEWORK_HEADER = YES;
				CLANG_WARN_RANGE_LOOP_ANALYSIS = YES;
				CLANG_WARN_STRICT_PROTOTYPES = YES;
				CLANG_WARN_SUSPICIOUS_MOVE = YES;
				CLANG_WARN_UNGUARDED_AVAILABILITY = YES_AGGRESSIVE;
				CLANG_WARN_UNREACHABLE_CODE = YES;
				CLANG_WARN__DUPLICATE_METHOD_MATCH = YES;
				COPY_PHASE_STRIP = NO;
				DEBUG_INFORMATION_FORMAT = "dwarf-with-dsym";
				ENABLE_NS_ASSERTIONS = NO;
				ENABLE_STRICT_OBJC_MSGSEND = YES;
				GCC_C_LANGUAGE_STANDARD = gnu11;
				GCC_NO_COMMON_BLOCKS = YES;
				GCC_WARN_64_TO_32_BIT_CONVERSION = YES;
				GCC_WARN_ABOUT_RETURN_TYPE = YES_ERROR;
				GCC_WARN_UNDECLARED_SELECTOR = YES;
				GCC_WARN_UNINITIALIZED_AUTOS = YES_AGGRESSIVE;
				GCC_WARN_UNUSED_FUNCTION = YES;
				GCC_WARN_UNUSED_VARIABLE = YES;
				IPHONEOS_DEPLOYMENT_TARGET = 15.0;
				MTL_ENABLE_DEBUG_INFO = NO;
				MTL_FAST_MATH = YES;
				SDKROOT = iphoneos;
				SWIFT_COMPILATION_MODE = wholemodule;
				SWIFT_OPTIMIZATION_LEVEL = "-O";
				VALIDATE_PRODUCT = YES;
			};
			name = Release;
		};
		A4DC1891272F6DE00086DACB /* Debug */ = {
			isa = XCBuildConfiguration;
			baseConfigurationReference = 8F9CF5C706F62F80884F232C /* Pods-PodMe.debug.xcconfig */;
			buildSettings = {
				ASSETCATALOG_COMPILER_APPICON_NAME = AppIcon;
				ASSETCATALOG_COMPILER_GLOBAL_ACCENT_COLOR_NAME = AccentColor;
				CODE_SIGN_STYLE = Automatic;
				CURRENT_PROJECT_VERSION = 1;
				DEVELOPMENT_TEAM = P4S97U2LLW;
				GENERATE_INFOPLIST_FILE = YES;
				INFOPLIST_FILE = PodMe/Info.plist;
				INFOPLIST_KEY_UIApplicationSupportsIndirectInputEvents = YES;
				INFOPLIST_KEY_UILaunchStoryboardName = LaunchScreen;
				INFOPLIST_KEY_UIMainStoryboardFile = Main;
				INFOPLIST_KEY_UISupportedInterfaceOrientations_iPad = "UIInterfaceOrientationPortrait UIInterfaceOrientationPortraitUpsideDown UIInterfaceOrientationLandscapeLeft UIInterfaceOrientationLandscapeRight";
				INFOPLIST_KEY_UISupportedInterfaceOrientations_iPhone = "UIInterfaceOrientationPortrait UIInterfaceOrientationLandscapeLeft UIInterfaceOrientationLandscapeRight";
				LD_RUNPATH_SEARCH_PATHS = (
					"$(inherited)",
					"@executable_path/Frameworks",
				);
				MARKETING_VERSION = 1.0;
				PRODUCT_BUNDLE_IDENTIFIER = PhillipTracy.PodMe;
				PRODUCT_NAME = "$(TARGET_NAME)";
				SWIFT_EMIT_LOC_STRINGS = YES;
				SWIFT_VERSION = 5.0;
				TARGETED_DEVICE_FAMILY = "1,2";
			};
			name = Debug;
		};
		A4DC1892272F6DE00086DACB /* Release */ = {
			isa = XCBuildConfiguration;
			baseConfigurationReference = 04EAFF926C0128D187C2B021 /* Pods-PodMe.release.xcconfig */;
			buildSettings = {
				ASSETCATALOG_COMPILER_APPICON_NAME = AppIcon;
				ASSETCATALOG_COMPILER_GLOBAL_ACCENT_COLOR_NAME = AccentColor;
				CODE_SIGN_STYLE = Automatic;
				CURRENT_PROJECT_VERSION = 1;
				DEVELOPMENT_TEAM = P4S97U2LLW;
				GENERATE_INFOPLIST_FILE = YES;
				INFOPLIST_FILE = PodMe/Info.plist;
				INFOPLIST_KEY_UIApplicationSupportsIndirectInputEvents = YES;
				INFOPLIST_KEY_UILaunchStoryboardName = LaunchScreen;
				INFOPLIST_KEY_UIMainStoryboardFile = Main;
				INFOPLIST_KEY_UISupportedInterfaceOrientations_iPad = "UIInterfaceOrientationPortrait UIInterfaceOrientationPortraitUpsideDown UIInterfaceOrientationLandscapeLeft UIInterfaceOrientationLandscapeRight";
				INFOPLIST_KEY_UISupportedInterfaceOrientations_iPhone = "UIInterfaceOrientationPortrait UIInterfaceOrientationLandscapeLeft UIInterfaceOrientationLandscapeRight";
				LD_RUNPATH_SEARCH_PATHS = (
					"$(inherited)",
					"@executable_path/Frameworks",
				);
				MARKETING_VERSION = 1.0;
				PRODUCT_BUNDLE_IDENTIFIER = PhillipTracy.PodMe;
				PRODUCT_NAME = "$(TARGET_NAME)";
				SWIFT_EMIT_LOC_STRINGS = YES;
				SWIFT_VERSION = 5.0;
				TARGETED_DEVICE_FAMILY = "1,2";
			};
			name = Release;
		};
/* End XCBuildConfiguration section */

/* Begin XCConfigurationList section */
		A4DC1877272F6DDE0086DACB /* Build configuration list for PBXProject "PodMe" */ = {
			isa = XCConfigurationList;
			buildConfigurations = (
				A4DC188E272F6DE00086DACB /* Debug */,
				A4DC188F272F6DE00086DACB /* Release */,
			);
			defaultConfigurationIsVisible = 0;
			defaultConfigurationName = Release;
		};
		A4DC1890272F6DE00086DACB /* Build configuration list for PBXNativeTarget "PodMe" */ = {
			isa = XCConfigurationList;
			buildConfigurations = (
				A4DC1891272F6DE00086DACB /* Debug */,
				A4DC1892272F6DE00086DACB /* Release */,
			);
			defaultConfigurationIsVisible = 0;
			defaultConfigurationName = Release;
		};
/* End XCConfigurationList section */
	};
	rootObject = A4DC1874272F6DDE0086DACB /* Project object */;
}
